// !$*UTF8*$!
{
	archiveVersion = 1;
	classes = {
	};
	objectVersion = 46;
	objects = {

/* Begin PBXBuildFile section */
		6ED2BC3A1A919AF700A266E9 /* MediumScrollFullScreenTests.swift in Sources */ = {isa = PBXBuildFile; fileRef = 6ED2BC391A919AF700A266E9 /* MediumScrollFullScreenTests.swift */; };
		6ED2BC471A91A50800A266E9 /* TableViewController.swift in Sources */ = {isa = PBXBuildFile; fileRef = 6ED2BC461A91A50800A266E9 /* TableViewController.swift */; };
		6ED7AAC51A9C1A2D006AADBB /* MediumScrollFullScreen.swift in Sources */ = {isa = PBXBuildFile; fileRef = 6ED7AAC41A9C1A2D006AADBB /* MediumScrollFullScreen.swift */; };
		6ED7AAC81A9C1A40006AADBB /* AppDelegate.swift in Sources */ = {isa = PBXBuildFile; fileRef = 6ED7AAC61A9C1A40006AADBB /* AppDelegate.swift */; };
		6ED7AAC91A9C1A40006AADBB /* WebViewController.swift in Sources */ = {isa = PBXBuildFile; fileRef = 6ED7AAC71A9C1A40006AADBB /* WebViewController.swift */; };
		6ED7AACC1A9C1A4D006AADBB /* Main.storyboard in Resources */ = {isa = PBXBuildFile; fileRef = 6ED7AACA1A9C1A4D006AADBB /* Main.storyboard */; };
		6ED7AACE1A9C1A5A006AADBB /* Images.xcassets in Resources */ = {isa = PBXBuildFile; fileRef = 6ED7AACD1A9C1A5A006AADBB /* Images.xcassets */; };
/* End PBXBuildFile section */

/* Begin PBXContainerItemProxy section */
		6ED2BC341A919AF700A266E9 /* PBXContainerItemProxy */ = {
			isa = PBXContainerItemProxy;
			containerPortal = 6ED2BC161A919AF700A266E9 /* Project object */;
			proxyType = 1;
			remoteGlobalIDString = 6ED2BC1D1A919AF700A266E9;
			remoteInfo = MediumScrollFullScreen;
		};
/* End PBXContainerItemProxy section */

/* Begin PBXFileReference section */
		6ED2BC1E1A919AF700A266E9 /* MediumScrollFullScreen.app */ = {isa = PBXFileReference; explicitFileType = wrapper.application; includeInIndex = 0; path = MediumScrollFullScreen.app; sourceTree = BUILT_PRODUCTS_DIR; };
		6ED2BC221A919AF700A266E9 /* Info.plist */ = {isa = PBXFileReference; lastKnownFileType = text.plist.xml; path = Info.plist; sourceTree = "<group>"; };
		6ED2BC331A919AF700A266E9 /* MediumScrollFullScreenTests.xctest */ = {isa = PBXFileReference; explicitFileType = wrapper.cfbundle; includeInIndex = 0; path = MediumScrollFullScreenTests.xctest; sourceTree = BUILT_PRODUCTS_DIR; };
		6ED2BC381A919AF700A266E9 /* Info.plist */ = {isa = PBXFileReference; lastKnownFileType = text.plist.xml; path = Info.plist; sourceTree = "<group>"; };
		6ED2BC391A919AF700A266E9 /* MediumScrollFullScreenTests.swift */ = {isa = PBXFileReference; lastKnownFileType = sourcecode.swift; path = MediumScrollFullScreenTests.swift; sourceTree = "<group>"; };
		6ED2BC461A91A50800A266E9 /* TableViewController.swift */ = {isa = PBXFileReference; fileEncoding = 4; lastKnownFileType = sourcecode.swift; path = TableViewController.swift; sourceTree = "<group>"; };
		6ED7AAC41A9C1A2D006AADBB /* MediumScrollFullScreen.swift */ = {isa = PBXFileReference; fileEncoding = 4; lastKnownFileType = sourcecode.swift; name = MediumScrollFullScreen.swift; path = MediumScrollFullScreen/MediumScrollFullScreen.swift; sourceTree = "<group>"; };
		6ED7AAC61A9C1A40006AADBB /* AppDelegate.swift */ = {isa = PBXFileReference; fileEncoding = 4; lastKnownFileType = sourcecode.swift; path = AppDelegate.swift; sourceTree = "<group>"; };
		6ED7AAC71A9C1A40006AADBB /* WebViewController.swift */ = {isa = PBXFileReference; fileEncoding = 4; lastKnownFileType = sourcecode.swift; path = WebViewController.swift; sourceTree = "<group>"; };
		6ED7AACB1A9C1A4D006AADBB /* Base */ = {isa = PBXFileReference; lastKnownFileType = file.storyboard; name = Base; path = Base.lproj/Main.storyboard; sourceTree = "<group>"; };
		6ED7AACD1A9C1A5A006AADBB /* Images.xcassets */ = {isa = PBXFileReference; lastKnownFileType = folder.assetcatalog; path = Images.xcassets; sourceTree = "<group>"; };
/* End PBXFileReference section */

/* Begin PBXFrameworksBuildPhase section */
		6ED2BC1B1A919AF700A266E9 /* Frameworks */ = {
			isa = PBXFrameworksBuildPhase;
			buildActionMask = 2147483647;
			files = (
			);
			runOnlyForDeploymentPostprocessing = 0;
		};
		6ED2BC301A919AF700A266E9 /* Frameworks */ = {
			isa = PBXFrameworksBuildPhase;
			buildActionMask = 2147483647;
			files = (
			);
			runOnlyForDeploymentPostprocessing = 0;
		};
/* End PBXFrameworksBuildPhase section */

/* Begin PBXGroup section */
		6ED2BC151A919AF700A266E9 = {
			isa = PBXGroup;
			children = (
				6ED2BC201A919AF700A266E9 /* MediumScrollFullScreen */,
				6ED2BC361A919AF700A266E9 /* MediumScrollFullScreenTests */,
				6ED2BC1F1A919AF700A266E9 /* Products */,
			);
			sourceTree = "<group>";
		};
		6ED2BC1F1A919AF700A266E9 /* Products */ = {
			isa = PBXGroup;
			children = (
				6ED2BC1E1A919AF700A266E9 /* MediumScrollFullScreen.app */,
				6ED2BC331A919AF700A266E9 /* MediumScrollFullScreenTests.xctest */,
			);
			name = Products;
			sourceTree = "<group>";
		};
		6ED2BC201A919AF700A266E9 /* MediumScrollFullScreen */ = {
			isa = PBXGroup;
			children = (
				6ED2BC431A919B1800A266E9 /* MediumScrollFullScreen */,
				6ED7AAC61A9C1A40006AADBB /* AppDelegate.swift */,
				6ED2BC461A91A50800A266E9 /* TableViewController.swift */,
				6ED7AAC71A9C1A40006AADBB /* WebViewController.swift */,
				6ED7AACA1A9C1A4D006AADBB /* Main.storyboard */,
				6ED7AACD1A9C1A5A006AADBB /* Images.xcassets */,
				6ED2BC211A919AF700A266E9 /* Supporting Files */,
			);
			path = MediumScrollFullScreen;
			sourceTree = "<group>";
		};
		6ED2BC211A919AF700A266E9 /* Supporting Files */ = {
			isa = PBXGroup;
			children = (
				6ED2BC221A919AF700A266E9 /* Info.plist */,
			);
			name = "Supporting Files";
			sourceTree = "<group>";
		};
		6ED2BC361A919AF700A266E9 /* MediumScrollFullScreenTests */ = {
			isa = PBXGroup;
			children = (
				6ED2BC391A919AF700A266E9 /* MediumScrollFullScreenTests.swift */,
				6ED2BC371A919AF700A266E9 /* Supporting Files */,
			);
			path = MediumScrollFullScreenTests;
			sourceTree = "<group>";
		};
		6ED2BC371A919AF700A266E9 /* Supporting Files */ = {
			isa = PBXGroup;
			children = (
				6ED2BC381A919AF700A266E9 /* Info.plist */,
			);
			name = "Supporting Files";
			sourceTree = "<group>";
		};
		6ED2BC431A919B1800A266E9 /* MediumScrollFullScreen */ = {
			isa = PBXGroup;
			children = (
				6ED7AAC41A9C1A2D006AADBB /* MediumScrollFullScreen.swift */,
			);
			name = MediumScrollFullScreen;
			sourceTree = "<group>";
		};
/* End PBXGroup section */

/* Begin PBXNativeTarget section */
		6ED2BC1D1A919AF700A266E9 /* MediumScrollFullScreen */ = {
			isa = PBXNativeTarget;
			buildConfigurationList = 6ED2BC3D1A919AF700A266E9 /* Build configuration list for PBXNativeTarget "MediumScrollFullScreen" */;
			buildPhases = (
				6ED2BC1A1A919AF700A266E9 /* Sources */,
				6ED2BC1B1A919AF700A266E9 /* Frameworks */,
				6ED2BC1C1A919AF700A266E9 /* Resources */,
			);
			buildRules = (
			);
			dependencies = (
			);
			name = MediumScrollFullScreen;
			productName = MediumScrollFullScreen;
			productReference = 6ED2BC1E1A919AF700A266E9 /* MediumScrollFullScreen.app */;
			productType = "com.apple.product-type.application";
		};
		6ED2BC321A919AF700A266E9 /* MediumScrollFullScreenTests */ = {
			isa = PBXNativeTarget;
			buildConfigurationList = 6ED2BC401A919AF700A266E9 /* Build configuration list for PBXNativeTarget "MediumScrollFullScreenTests" */;
			buildPhases = (
				6ED2BC2F1A919AF700A266E9 /* Sources */,
				6ED2BC301A919AF700A266E9 /* Frameworks */,
				6ED2BC311A919AF700A266E9 /* Resources */,
			);
			buildRules = (
			);
			dependencies = (
				6ED2BC351A919AF700A266E9 /* PBXTargetDependency */,
			);
			name = MediumScrollFullScreenTests;
			productName = MediumScrollFullScreenTests;
			productReference = 6ED2BC331A919AF700A266E9 /* MediumScrollFullScreenTests.xctest */;
			productType = "com.apple.product-type.bundle.unit-test";
		};
/* End PBXNativeTarget section */

/* Begin PBXProject section */
		6ED2BC161A919AF700A266E9 /* Project object */ = {
			isa = PBXProject;
			attributes = {
				LastUpgradeCheck = 0610;
				ORGANIZATIONNAME = pixyzehn;
				TargetAttributes = {
					6ED2BC1D1A919AF700A266E9 = {
						CreatedOnToolsVersion = 6.1.1;
					};
					6ED2BC321A919AF700A266E9 = {
						CreatedOnToolsVersion = 6.1.1;
						TestTargetID = 6ED2BC1D1A919AF700A266E9;
					};
				};
			};
			buildConfigurationList = 6ED2BC191A919AF700A266E9 /* Build configuration list for PBXProject "MediumScrollFullScreen" */;
			compatibilityVersion = "Xcode 3.2";
			developmentRegion = English;
			hasScannedForEncodings = 0;
			knownRegions = (
				en,
				Base,
			);
			mainGroup = 6ED2BC151A919AF700A266E9;
			productRefGroup = 6ED2BC1F1A919AF700A266E9 /* Products */;
			projectDirPath = "";
			projectRoot = "";
			targets = (
				6ED2BC1D1A919AF700A266E9 /* MediumScrollFullScreen */,
				6ED2BC321A919AF700A266E9 /* MediumScrollFullScreenTests */,
			);
		};
/* End PBXProject section */

/* Begin PBXResourcesBuildPhase section */
		6ED2BC1C1A919AF700A266E9 /* Resources */ = {
			isa = PBXResourcesBuildPhase;
			buildActionMask = 2147483647;
			files = (
				6ED7AACC1A9C1A4D006AADBB /* Main.storyboard in Resources */,
				6ED7AACE1A9C1A5A006AADBB /* Images.xcassets in Resources */,
			);
			runOnlyForDeploymentPostprocessing = 0;
		};
		6ED2BC311A919AF700A266E9 /* Resources */ = {
			isa = PBXResourcesBuildPhase;
			buildActionMask = 2147483647;
			files = (
			);
			runOnlyForDeploymentPostprocessing = 0;
		};
/* End PBXResourcesBuildPhase section */

/* Begin PBXSourcesBuildPhase section */
		6ED2BC1A1A919AF700A266E9 /* Sources */ = {
			isa = PBXSourcesBuildPhase;
			buildActionMask = 2147483647;
			files = (
				6ED7AAC81A9C1A40006AADBB /* AppDelegate.swift in Sources */,
				6ED7AAC51A9C1A2D006AADBB /* MediumScrollFullScreen.swift in Sources */,
				6ED2BC471A91A50800A266E9 /* TableViewController.swift in Sources */,
				6ED7AAC91A9C1A40006AADBB /* WebViewController.swift in Sources */,
			);
			runOnlyForDeploymentPostprocessing = 0;
		};
		6ED2BC2F1A919AF700A266E9 /* Sources */ = {
			isa = PBXSourcesBuildPhase;
			buildActionMask = 2147483647;
			files = (
				6ED2BC3A1A919AF700A266E9 /* MediumScrollFullScreenTests.swift in Sources */,
			);
			runOnlyForDeploymentPostprocessing = 0;
		};
/* End PBXSourcesBuildPhase section */

/* Begin PBXTargetDependency section */
		6ED2BC351A919AF700A266E9 /* PBXTargetDependency */ = {
			isa = PBXTargetDependency;
			target = 6ED2BC1D1A919AF700A266E9 /* MediumScrollFullScreen */;
			targetProxy = 6ED2BC341A919AF700A266E9 /* PBXContainerItemProxy */;
		};
/* End PBXTargetDependency section */

/* Begin PBXVariantGroup section */
		6ED7AACA1A9C1A4D006AADBB /* Main.storyboard */ = {
			isa = PBXVariantGroup;
			children = (
				6ED7AACB1A9C1A4D006AADBB /* Base */,
			);
			name = Main.storyboard;
			sourceTree = "<group>";
		};
/* End PBXVariantGroup section */

/* Begin XCBuildConfiguration section */
		6ED2BC3B1A919AF700A266E9 /* Debug */ = {
			isa = XCBuildConfiguration;
			buildSettings = {
				ALWAYS_SEARCH_USER_PATHS = NO;
				CLANG_CXX_LANGUAGE_STANDARD = "gnu++0x";
				CLANG_CXX_LIBRARY = "libc++";
				CLANG_ENABLE_MODULES = YES;
				CLANG_ENABLE_OBJC_ARC = YES;
				CLANG_WARN_BOOL_CONVERSION = YES;
				CLANG_WARN_CONSTANT_CONVERSION = YES;
				CLANG_WARN_DIRECT_OBJC_ISA_USAGE = YES_ERROR;
				CLANG_WARN_EMPTY_BODY = YES;
				CLANG_WARN_ENUM_CONVERSION = YES;
				CLANG_WARN_INT_CONVERSION = YES;
				CLANG_WARN_OBJC_ROOT_CLASS = YES_ERROR;
				CLANG_WARN_UNREACHABLE_CODE = YES;
				CLANG_WARN__DUPLICATE_METHOD_MATCH = YES;
				"CODE_SIGN_IDENTITY[sdk=iphoneos*]" = "iPhone Developer";
				COPY_PHASE_STRIP = NO;
				ENABLE_STRICT_OBJC_MSGSEND = YES;
				GCC_C_LANGUAGE_STANDARD = gnu99;
				GCC_DYNAMIC_NO_PIC = NO;
				GCC_OPTIMIZATION_LEVEL = 0;
				GCC_PREPROCESSOR_DEFINITIONS = (
					"DEBUG=1",
					"$(inherited)",
				);
				GCC_SYMBOLS_PRIVATE_EXTERN = NO;
				GCC_WARN_64_TO_32_BIT_CONVERSION = YES;
				GCC_WARN_ABOUT_RETURN_TYPE = YES_ERROR;
				GCC_WARN_UNDECLARED_SELECTOR = YES;
				GCC_WARN_UNINITIALIZED_AUTOS = YES_AGGRESSIVE;
				GCC_WARN_UNUSED_FUNCTION = YES;
				GCC_WARN_UNUSED_VARIABLE = YES;
				IPHONEOS_DEPLOYMENT_TARGET = 8.1;
				MTL_ENABLE_DEBUG_INFO = YES;
				ONLY_ACTIVE_ARCH = YES;
				SDKROOT = iphoneos;
				SWIFT_OPTIMIZATION_LEVEL = "-Onone";
			};
			name = Debug;
		};
		6ED2BC3C1A919AF700A266E9 /* Release */ = {
			isa = XCBuildConfiguration;
			buildSettings = {
				ALWAYS_SEARCH_USER_PATHS = NO;
				CLANG_CXX_LANGUAGE_STANDARD = "gnu++0x";
				CLANG_CXX_LIBRARY = "libc++";
				CLANG_ENABLE_MODULES = YES;
				CLANG_ENABLE_OBJC_ARC = YES;
				CLANG_WARN_BOOL_CONVERSION = YES;
				CLANG_WARN_CONSTANT_CONVERSION = YES;
				CLANG_WARN_DIRECT_OBJC_ISA_USAGE = YES_ERROR;
				CLANG_WARN_EMPTY_BODY = YES;
				CLANG_WARN_ENUM_CONVERSION = YES;
				CLANG_WARN_INT_CONVERSION = YES;
				CLANG_WARN_OBJC_ROOT_CLASS = YES_ERROR;
				CLANG_WARN_UNREACHABLE_CODE = YES;
				CLANG_WARN__DUPLICATE_METHOD_MATCH = YES;
				"CODE_SIGN_IDENTITY[sdk=iphoneos*]" = "iPhone Developer";
				COPY_PHASE_STRIP = YES;
				ENABLE_NS_ASSERTIONS = NO;
				ENABLE_STRICT_OBJC_MSGSEND = YES;
				GCC_C_LANGUAGE_STANDARD = gnu99;
				GCC_WARN_64_TO_32_BIT_CONVERSION = YES;
				GCC_WARN_ABOUT_RETURN_TYPE = YES_ERROR;
				GCC_WARN_UNDECLARED_SELECTOR = YES;
				GCC_WARN_UNINITIALIZED_AUTOS = YES_AGGRESSIVE;
				GCC_WARN_UNUSED_FUNCTION = YES;
				GCC_WARN_UNUSED_VARIABLE = YES;
				IPHONEOS_DEPLOYMENT_TARGET = 8.1;
				MTL_ENABLE_DEBUG_INFO = NO;
				SDKROOT = iphoneos;
				VALIDATE_PRODUCT = YES;
			};
			name = Release;
		};
		6ED2BC3E1A919AF700A266E9 /* Debug */ = {
			isa = XCBuildConfiguration;
			buildSettings = {
				ASSETCATALOG_COMPILER_APPICON_NAME = AppIcon;
				INFOPLIST_FILE = MediumScrollFullScreen/Info.plist;
				LD_RUNPATH_SEARCH_PATHS = "$(inherited) @executable_path/Frameworks";
				PRODUCT_NAME = "$(TARGET_NAME)";
			};
			name = Debug;
		};
		6ED2BC3F1A919AF700A266E9 /* Release */ = {
			isa = XCBuildConfiguration;
			buildSettings = {
				ASSETCATALOG_COMPILER_APPICON_NAME = AppIcon;
				INFOPLIST_FILE = MediumScrollFullScreen/Info.plist;
				LD_RUNPATH_SEARCH_PATHS = "$(inherited) @executable_path/Frameworks";
				PRODUCT_NAME = "$(TARGET_NAME)";
			};
			name = Release;
		};
		6ED2BC411A919AF700A266E9 /* Debug */ = {
			isa = XCBuildConfiguration;
			buildSettings = {
				BUNDLE_LOADER = "$(TEST_HOST)";
				FRAMEWORK_SEARCH_PATHS = (
					"$(SDKROOT)/Developer/Library/Frameworks",
					"$(inherited)",
				);
				GCC_PREPROCESSOR_DEFINITIONS = (
					"DEBUG=1",
					"$(inherited)",
				);
				INFOPLIST_FILE = MediumScrollFullScreenTests/Info.plist;
				LD_RUNPATH_SEARCH_PATHS = "$(inherited) @executable_path/Frameworks @loader_path/Frameworks";
				PRODUCT_NAME = "$(TARGET_NAME)";
				TEST_HOST = "$(BUILT_PRODUCTS_DIR)/MediumScrollFullScreen.app/MediumScrollFullScreen";
			};
			name = Debug;
		};
		6ED2BC421A919AF700A266E9 /* Release */ = {
			isa = XCBuildConfiguration;
			buildSettings = {
				BUNDLE_LOADER = "$(TEST_HOST)";
				FRAMEWORK_SEARCH_PATHS = (
					"$(SDKROOT)/Developer/Library/Frameworks",
					"$(inherited)",
				);
				INFOPLIST_FILE = MediumScrollFullScreenTests/Info.plist;
				LD_RUNPATH_SEARCH_PATHS = "$(inherited) @executable_path/Frameworks @loader_path/Frameworks";
				PRODUCT_NAME = "$(TARGET_NAME)";
				TEST_HOST = "$(BUILT_PRODUCTS_DIR)/MediumScrollFullScreen.app/MediumScrollFullScreen";
			};
			name = Release;
		};
/* End XCBuildConfiguration section */

/* Begin XCConfigurationList section */
		6ED2BC191A919AF700A266E9 /* Build configuration list for PBXProject "MediumScrollFullScreen" */ = {
			isa = XCConfigurationList;
			buildConfigurations = (
				6ED2BC3B1A919AF700A266E9 /* Debug */,
				6ED2BC3C1A919AF700A266E9 /* Release */,
			);
			defaultConfigurationIsVisible = 0;
			defaultConfigurationName = Release;
		};
		6ED2BC3D1A919AF700A266E9 /* Build configuration list for PBXNativeTarget "MediumScrollFullScreen" */ = {
			isa = XCConfigurationList;
			buildConfigurations = (
				6ED2BC3E1A919AF700A266E9 /* Debug */,
				6ED2BC3F1A919AF700A266E9 /* Release */,
			);
			defaultConfigurationIsVisible = 0;
			defaultConfigurationName = Release;
		};
		6ED2BC401A919AF700A266E9 /* Build configuration list for PBXNativeTarget "MediumScrollFullScreenTests" */ = {
			isa = XCConfigurationList;
			buildConfigurations = (
				6ED2BC411A919AF700A266E9 /* Debug */,
				6ED2BC421A919AF700A266E9 /* Release */,
			);
			defaultConfigurationIsVisible = 0;
			defaultConfigurationName = Release;
		};
/* End XCConfigurationList section */
	};
	rootObject = 6ED2BC161A919AF700A266E9 /* Project object */;
}
