// !$*UTF8*$!
{
	archiveVersion = 1;
	classes = {
	};
	objectVersion = 46;
	objects = {

/* Begin PBXBuildFile section */
		6EB12E821A9CECB500E2552E /* MediumScrollFullScreen.swift in Sources */ = {isa = PBXBuildFile; fileRef = 6EB12E811A9CECB500E2552E /* MediumScrollFullScreen.swift */; };
		6ED7AB0E1A9C294E006AADBB /* AppDelegate.swift in Sources */ = {isa = PBXBuildFile; fileRef = 6ED7AB0D1A9C294E006AADBB /* AppDelegate.swift */; };
		6ED7AB101A9C294F006AADBB /* WebViewController.swift in Sources */ = {isa = PBXBuildFile; fileRef = 6ED7AB0F1A9C294E006AADBB /* WebViewController.swift */; };
		6ED7AB131A9C294F006AADBB /* Main.storyboard in Resources */ = {isa = PBXBuildFile; fileRef = 6ED7AB111A9C294F006AADBB /* Main.storyboard */; };
		6ED7AB151A9C294F006AADBB /* Images.xcassets in Resources */ = {isa = PBXBuildFile; fileRef = 6ED7AB141A9C294F006AADBB /* Images.xcassets */; };
		6ED7AB241A9C294F006AADBB /* MediumScrollFullScreen_SampleTests.swift in Sources */ = {isa = PBXBuildFile; fileRef = 6ED7AB231A9C294F006AADBB /* MediumScrollFullScreen_SampleTests.swift */; };
		6ED7AB301A9C29B7006AADBB /* TableViewController.swift in Sources */ = {isa = PBXBuildFile; fileRef = 6ED7AB2F1A9C29B7006AADBB /* TableViewController.swift */; };
/* End PBXBuildFile section */

/* Begin PBXContainerItemProxy section */
		6ED7AB1E1A9C294F006AADBB /* PBXContainerItemProxy */ = {
			isa = PBXContainerItemProxy;
			containerPortal = 6ED7AB001A9C294E006AADBB /* Project object */;
			proxyType = 1;
			remoteGlobalIDString = 6ED7AB071A9C294E006AADBB;
			remoteInfo = "MediumScrollFullScreen-Sample";
		};
/* End PBXContainerItemProxy section */

/* Begin PBXFileReference section */
		6EB12E811A9CECB500E2552E /* MediumScrollFullScreen.swift */ = {isa = PBXFileReference; fileEncoding = 4; lastKnownFileType = sourcecode.swift; path = MediumScrollFullScreen.swift; sourceTree = "<group>"; };
		6ED7AB081A9C294E006AADBB /* MediumScrollFullScreen-Sample.app */ = {isa = PBXFileReference; explicitFileType = wrapper.application; includeInIndex = 0; path = "MediumScrollFullScreen-Sample.app"; sourceTree = BUILT_PRODUCTS_DIR; };
		6ED7AB0C1A9C294E006AADBB /* Info.plist */ = {isa = PBXFileReference; lastKnownFileType = text.plist.xml; path = Info.plist; sourceTree = "<group>"; };
		6ED7AB0D1A9C294E006AADBB /* AppDelegate.swift */ = {isa = PBXFileReference; lastKnownFileType = sourcecode.swift; path = AppDelegate.swift; sourceTree = "<group>"; };
		6ED7AB0F1A9C294E006AADBB /* WebViewController.swift */ = {isa = PBXFileReference; lastKnownFileType = sourcecode.swift; path = WebViewController.swift; sourceTree = "<group>"; };
		6ED7AB121A9C294F006AADBB /* Base */ = {isa = PBXFileReference; lastKnownFileType = file.storyboard; name = Base; path = Base.lproj/Main.storyboard; sourceTree = "<group>"; };
		6ED7AB141A9C294F006AADBB /* Images.xcassets */ = {isa = PBXFileReference; lastKnownFileType = folder.assetcatalog; path = Images.xcassets; sourceTree = "<group>"; };
		6ED7AB1D1A9C294F006AADBB /* MediumScrollFullScreen-SampleTests.xctest */ = {isa = PBXFileReference; explicitFileType = wrapper.cfbundle; includeInIndex = 0; path = "MediumScrollFullScreen-SampleTests.xctest"; sourceTree = BUILT_PRODUCTS_DIR; };
		6ED7AB221A9C294F006AADBB /* Info.plist */ = {isa = PBXFileReference; lastKnownFileType = text.plist.xml; path = Info.plist; sourceTree = "<group>"; };
		6ED7AB231A9C294F006AADBB /* MediumScrollFullScreen_SampleTests.swift */ = {isa = PBXFileReference; lastKnownFileType = sourcecode.swift; path = MediumScrollFullScreen_SampleTests.swift; sourceTree = "<group>"; };
		6ED7AB2F1A9C29B7006AADBB /* TableViewController.swift */ = {isa = PBXFileReference; fileEncoding = 4; lastKnownFileType = sourcecode.swift; path = TableViewController.swift; sourceTree = "<group>"; };
/* End PBXFileReference section */

/* Begin PBXFrameworksBuildPhase section */
		6ED7AB051A9C294E006AADBB /* Frameworks */ = {
			isa = PBXFrameworksBuildPhase;
			buildActionMask = 2147483647;
			files = (
			);
			runOnlyForDeploymentPostprocessing = 0;
		};
		6ED7AB1A1A9C294F006AADBB /* Frameworks */ = {
			isa = PBXFrameworksBuildPhase;
			buildActionMask = 2147483647;
			files = (
			);
			runOnlyForDeploymentPostprocessing = 0;
		};
/* End PBXFrameworksBuildPhase section */

/* Begin PBXGroup section */
		6EB12E831A9CECBB00E2552E /* MediumScrollFullScreen */ = {
			isa = PBXGroup;
			children = (
				6EB12E811A9CECB500E2552E /* MediumScrollFullScreen.swift */,
			);
			name = MediumScrollFullScreen;
			sourceTree = "<group>";
		};
		6ED7AAFF1A9C294E006AADBB = {
			isa = PBXGroup;
			children = (
				6ED7AB0A1A9C294E006AADBB /* MediumScrollFullScreen-Sample */,
				6ED7AB201A9C294F006AADBB /* MediumScrollFullScreen-SampleTests */,
				6ED7AB091A9C294E006AADBB /* Products */,
			);
			sourceTree = "<group>";
		};
		6ED7AB091A9C294E006AADBB /* Products */ = {
			isa = PBXGroup;
			children = (
				6ED7AB081A9C294E006AADBB /* MediumScrollFullScreen-Sample.app */,
				6ED7AB1D1A9C294F006AADBB /* MediumScrollFullScreen-SampleTests.xctest */,
			);
			name = Products;
			sourceTree = "<group>";
		};
		6ED7AB0A1A9C294E006AADBB /* MediumScrollFullScreen-Sample */ = {
			isa = PBXGroup;
			children = (
				6EB12E831A9CECBB00E2552E /* MediumScrollFullScreen */,
				6ED7AB0D1A9C294E006AADBB /* AppDelegate.swift */,
				6ED7AB2F1A9C29B7006AADBB /* TableViewController.swift */,
				6ED7AB0F1A9C294E006AADBB /* WebViewController.swift */,
				6ED7AB111A9C294F006AADBB /* Main.storyboard */,
				6ED7AB141A9C294F006AADBB /* Images.xcassets */,
				6ED7AB0B1A9C294E006AADBB /* Supporting Files */,
			);
			path = "MediumScrollFullScreen-Sample";
			sourceTree = "<group>";
		};
		6ED7AB0B1A9C294E006AADBB /* Supporting Files */ = {
			isa = PBXGroup;
			children = (
				6ED7AB0C1A9C294E006AADBB /* Info.plist */,
			);
			name = "Supporting Files";
			sourceTree = "<group>";
		};
		6ED7AB201A9C294F006AADBB /* MediumScrollFullScreen-SampleTests */ = {
			isa = PBXGroup;
			children = (
				6ED7AB231A9C294F006AADBB /* MediumScrollFullScreen_SampleTests.swift */,
				6ED7AB211A9C294F006AADBB /* Supporting Files */,
			);
			path = "MediumScrollFullScreen-SampleTests";
			sourceTree = "<group>";
		};
		6ED7AB211A9C294F006AADBB /* Supporting Files */ = {
			isa = PBXGroup;
			children = (
				6ED7AB221A9C294F006AADBB /* Info.plist */,
			);
			name = "Supporting Files";
			sourceTree = "<group>";
		};
/* End PBXGroup section */

/* Begin PBXNativeTarget section */
		6ED7AB071A9C294E006AADBB /* MediumScrollFullScreen-Sample */ = {
			isa = PBXNativeTarget;
			buildConfigurationList = 6ED7AB271A9C294F006AADBB /* Build configuration list for PBXNativeTarget "MediumScrollFullScreen-Sample" */;
			buildPhases = (
				6ED7AB041A9C294E006AADBB /* Sources */,
				6ED7AB051A9C294E006AADBB /* Frameworks */,
				6ED7AB061A9C294E006AADBB /* Resources */,
			);
			buildRules = (
			);
			dependencies = (
			);
			name = "MediumScrollFullScreen-Sample";
			productName = "MediumScrollFullScreen-Sample";
			productReference = 6ED7AB081A9C294E006AADBB /* MediumScrollFullScreen-Sample.app */;
			productType = "com.apple.product-type.application";
		};
		6ED7AB1C1A9C294F006AADBB /* MediumScrollFullScreen-SampleTests */ = {
			isa = PBXNativeTarget;
			buildConfigurationList = 6ED7AB2A1A9C294F006AADBB /* Build configuration list for PBXNativeTarget "MediumScrollFullScreen-SampleTests" */;
			buildPhases = (
				6ED7AB191A9C294F006AADBB /* Sources */,
				6ED7AB1A1A9C294F006AADBB /* Frameworks */,
				6ED7AB1B1A9C294F006AADBB /* Resources */,
			);
			buildRules = (
			);
			dependencies = (
				6ED7AB1F1A9C294F006AADBB /* PBXTargetDependency */,
			);
			name = "MediumScrollFullScreen-SampleTests";
			productName = "MediumScrollFullScreen-SampleTests";
			productReference = 6ED7AB1D1A9C294F006AADBB /* MediumScrollFullScreen-SampleTests.xctest */;
			productType = "com.apple.product-type.bundle.unit-test";
		};
/* End PBXNativeTarget section */

/* Begin PBXProject section */
		6ED7AB001A9C294E006AADBB /* Project object */ = {
			isa = PBXProject;
			attributes = {
				LastUpgradeCheck = 0630;
				ORGANIZATIONNAME = pixyzehn;
				TargetAttributes = {
					6ED7AB071A9C294E006AADBB = {
						CreatedOnToolsVersion = 6.3;
					};
					6ED7AB1C1A9C294F006AADBB = {
						CreatedOnToolsVersion = 6.3;
						TestTargetID = 6ED7AB071A9C294E006AADBB;
					};
				};
			};
			buildConfigurationList = 6ED7AB031A9C294E006AADBB /* Build configuration list for PBXProject "MediumScrollFullScreen-Sample" */;
			compatibilityVersion = "Xcode 3.2";
			developmentRegion = English;
			hasScannedForEncodings = 0;
			knownRegions = (
				en,
				Base,
			);
			mainGroup = 6ED7AAFF1A9C294E006AADBB;
			productRefGroup = 6ED7AB091A9C294E006AADBB /* Products */;
			projectDirPath = "";
			projectRoot = "";
			targets = (
				6ED7AB071A9C294E006AADBB /* MediumScrollFullScreen-Sample */,
				6ED7AB1C1A9C294F006AADBB /* MediumScrollFullScreen-SampleTests */,
			);
		};
/* End PBXProject section */

/* Begin PBXResourcesBuildPhase section */
		6ED7AB061A9C294E006AADBB /* Resources */ = {
			isa = PBXResourcesBuildPhase;
			buildActionMask = 2147483647;
			files = (
				6ED7AB131A9C294F006AADBB /* Main.storyboard in Resources */,
				6ED7AB151A9C294F006AADBB /* Images.xcassets in Resources */,
			);
			runOnlyForDeploymentPostprocessing = 0;
		};
		6ED7AB1B1A9C294F006AADBB /* Resources */ = {
			isa = PBXResourcesBuildPhase;
			buildActionMask = 2147483647;
			files = (
			);
			runOnlyForDeploymentPostprocessing = 0;
		};
/* End PBXResourcesBuildPhase section */

/* Begin PBXSourcesBuildPhase section */
		6ED7AB041A9C294E006AADBB /* Sources */ = {
			isa = PBXSourcesBuildPhase;
			buildActionMask = 2147483647;
			files = (
				6ED7AB101A9C294F006AADBB /* WebViewController.swift in Sources */,
				6ED7AB301A9C29B7006AADBB /* TableViewController.swift in Sources */,
				6EB12E821A9CECB500E2552E /* MediumScrollFullScreen.swift in Sources */,
				6ED7AB0E1A9C294E006AADBB /* AppDelegate.swift in Sources */,
			);
			runOnlyForDeploymentPostprocessing = 0;
		};
		6ED7AB191A9C294F006AADBB /* Sources */ = {
			isa = PBXSourcesBuildPhase;
			buildActionMask = 2147483647;
			files = (
				6ED7AB241A9C294F006AADBB /* MediumScrollFullScreen_SampleTests.swift in Sources */,
			);
			runOnlyForDeploymentPostprocessing = 0;
		};
/* End PBXSourcesBuildPhase section */

/* Begin PBXTargetDependency section */
		6ED7AB1F1A9C294F006AADBB /* PBXTargetDependency */ = {
			isa = PBXTargetDependency;
			target = 6ED7AB071A9C294E006AADBB /* MediumScrollFullScreen-Sample */;
			targetProxy = 6ED7AB1E1A9C294F006AADBB /* PBXContainerItemProxy */;
		};
/* End PBXTargetDependency section */

/* Begin PBXVariantGroup section */
		6ED7AB111A9C294F006AADBB /* Main.storyboard */ = {
			isa = PBXVariantGroup;
			children = (
				6ED7AB121A9C294F006AADBB /* Base */,
			);
			name = Main.storyboard;
			sourceTree = "<group>";
		};
/* End PBXVariantGroup section */

/* Begin XCBuildConfiguration section */
		6ED7AB251A9C294F006AADBB /* Debug */ = {
			isa = XCBuildConfiguration;
			buildSettings = {
				ALWAYS_SEARCH_USER_PATHS = NO;
				CLANG_CXX_LANGUAGE_STANDARD = "gnu++0x";
				CLANG_CXX_LIBRARY = "libc++";
				CLANG_ENABLE_MODULES = YES;
				CLANG_ENABLE_OBJC_ARC = YES;
				CLANG_WARN_BOOL_CONVERSION = YES;
				CLANG_WARN_CONSTANT_CONVERSION = YES;
				CLANG_WARN_DIRECT_OBJC_ISA_USAGE = YES_ERROR;
				CLANG_WARN_EMPTY_BODY = YES;
				CLANG_WARN_ENUM_CONVERSION = YES;
				CLANG_WARN_INT_CONVERSION = YES;
				CLANG_WARN_OBJC_ROOT_CLASS = YES_ERROR;
				CLANG_WARN_UNREACHABLE_CODE = YES;
				CLANG_WARN__DUPLICATE_METHOD_MATCH = YES;
				"CODE_SIGN_IDENTITY[sdk=iphoneos*]" = "iPhone Developer";
				COPY_PHASE_STRIP = NO;
				DEBUG_INFORMATION_FORMAT = dwarf;
				ENABLE_STRICT_OBJC_MSGSEND = YES;
				GCC_C_LANGUAGE_STANDARD = gnu99;
				GCC_DYNAMIC_NO_PIC = NO;
				GCC_OPTIMIZATION_LEVEL = 0;
				GCC_PREPROCESSOR_DEFINITIONS = (
					"DEBUG=1",
					"$(inherited)",
				);
				GCC_SYMBOLS_PRIVATE_EXTERN = NO;
				GCC_WARN_64_TO_32_BIT_CONVERSION = YES;
				GCC_WARN_ABOUT_RETURN_TYPE = YES_ERROR;
				GCC_WARN_UNDECLARED_SELECTOR = YES;
				GCC_WARN_UNINITIALIZED_AUTOS = YES_AGGRESSIVE;
				GCC_WARN_UNUSED_FUNCTION = YES;
				GCC_WARN_UNUSED_VARIABLE = YES;
				IPHONEOS_DEPLOYMENT_TARGET = 8.1;
				MTL_ENABLE_DEBUG_INFO = YES;
				ONLY_ACTIVE_ARCH = YES;
				SDKROOT = iphoneos;
				SWIFT_OPTIMIZATION_LEVEL = "-Onone";
			};
			name = Debug;
		};
		6ED7AB261A9C294F006AADBB /* Release */ = {
			isa = XCBuildConfiguration;
			buildSettings = {
				ALWAYS_SEARCH_USER_PATHS = NO;
				CLANG_CXX_LANGUAGE_STANDARD = "gnu++0x";
				CLANG_CXX_LIBRARY = "libc++";
				CLANG_ENABLE_MODULES = YES;
				CLANG_ENABLE_OBJC_ARC = YES;
				CLANG_WARN_BOOL_CONVERSION = YES;
				CLANG_WARN_CONSTANT_CONVERSION = YES;
				CLANG_WARN_DIRECT_OBJC_ISA_USAGE = YES_ERROR;
				CLANG_WARN_EMPTY_BODY = YES;
				CLANG_WARN_ENUM_CONVERSION = YES;
				CLANG_WARN_INT_CONVERSION = YES;
				CLANG_WARN_OBJC_ROOT_CLASS = YES_ERROR;
				CLANG_WARN_UNREACHABLE_CODE = YES;
				CLANG_WARN__DUPLICATE_METHOD_MATCH = YES;
				"CODE_SIGN_IDENTITY[sdk=iphoneos*]" = "iPhone Developer";
				COPY_PHASE_STRIP = NO;
				DEBUG_INFORMATION_FORMAT = "dwarf-with-dsym";
				ENABLE_NS_ASSERTIONS = NO;
				ENABLE_STRICT_OBJC_MSGSEND = YES;
				GCC_C_LANGUAGE_STANDARD = gnu99;
				GCC_WARN_64_TO_32_BIT_CONVERSION = YES;
				GCC_WARN_ABOUT_RETURN_TYPE = YES_ERROR;
				GCC_WARN_UNDECLARED_SELECTOR = YES;
				GCC_WARN_UNINITIALIZED_AUTOS = YES_AGGRESSIVE;
				GCC_WARN_UNUSED_FUNCTION = YES;
				GCC_WARN_UNUSED_VARIABLE = YES;
				IPHONEOS_DEPLOYMENT_TARGET = 8.1;
				MTL_ENABLE_DEBUG_INFO = NO;
				SDKROOT = iphoneos;
				VALIDATE_PRODUCT = YES;
			};
			name = Release;
		};
		6ED7AB281A9C294F006AADBB /* Debug */ = {
			isa = XCBuildConfiguration;
			buildSettings = {
				ASSETCATALOG_COMPILER_APPICON_NAME = AppIcon;
				INFOPLIST_FILE = "MediumScrollFullScreen-Sample/Info.plist";
				LD_RUNPATH_SEARCH_PATHS = "$(inherited) @executable_path/Frameworks";
				PRODUCT_NAME = "$(TARGET_NAME)";
			};
			name = Debug;
		};
		6ED7AB291A9C294F006AADBB /* Release */ = {
			isa = XCBuildConfiguration;
			buildSettings = {
				ASSETCATALOG_COMPILER_APPICON_NAME = AppIcon;
				INFOPLIST_FILE = "MediumScrollFullScreen-Sample/Info.plist";
				LD_RUNPATH_SEARCH_PATHS = "$(inherited) @executable_path/Frameworks";
				PRODUCT_NAME = "$(TARGET_NAME)";
			};
			name = Release;
		};
		6ED7AB2B1A9C294F006AADBB /* Debug */ = {
			isa = XCBuildConfiguration;
			buildSettings = {
				BUNDLE_LOADER = "$(TEST_HOST)";
				FRAMEWORK_SEARCH_PATHS = (
					"$(SDKROOT)/Developer/Library/Frameworks",
					"$(inherited)",
				);
				GCC_PREPROCESSOR_DEFINITIONS = (
					"DEBUG=1",
					"$(inherited)",
				);
				INFOPLIST_FILE = "MediumScrollFullScreen-SampleTests/Info.plist";
				LD_RUNPATH_SEARCH_PATHS = "$(inherited) @executable_path/Frameworks @loader_path/Frameworks";
				PRODUCT_NAME = "$(TARGET_NAME)";
				TEST_HOST = "$(BUILT_PRODUCTS_DIR)/MediumScrollFullScreen-Sample.app/MediumScrollFullScreen-Sample";
			};
			name = Debug;
		};
		6ED7AB2C1A9C294F006AADBB /* Release */ = {
			isa = XCBuildConfiguration;
			buildSettings = {
				BUNDLE_LOADER = "$(TEST_HOST)";
				FRAMEWORK_SEARCH_PATHS = (
					"$(SDKROOT)/Developer/Library/Frameworks",
					"$(inherited)",
				);
				INFOPLIST_FILE = "MediumScrollFullScreen-SampleTests/Info.plist";
				LD_RUNPATH_SEARCH_PATHS = "$(inherited) @executable_path/Frameworks @loader_path/Frameworks";
				PRODUCT_NAME = "$(TARGET_NAME)";
				TEST_HOST = "$(BUILT_PRODUCTS_DIR)/MediumScrollFullScreen-Sample.app/MediumScrollFullScreen-Sample";
			};
			name = Release;
		};
/* End XCBuildConfiguration section */

/* Begin XCConfigurationList section */
		6ED7AB031A9C294E006AADBB /* Build configuration list for PBXProject "MediumScrollFullScreen-Sample" */ = {
			isa = XCConfigurationList;
			buildConfigurations = (
				6ED7AB251A9C294F006AADBB /* Debug */,
				6ED7AB261A9C294F006AADBB /* Release */,
			);
			defaultConfigurationIsVisible = 0;
			defaultConfigurationName = Release;
		};
		6ED7AB271A9C294F006AADBB /* Build configuration list for PBXNativeTarget "MediumScrollFullScreen-Sample" */ = {
			isa = XCConfigurationList;
			buildConfigurations = (
				6ED7AB281A9C294F006AADBB /* Debug */,
				6ED7AB291A9C294F006AADBB /* Release */,
			);
			defaultConfigurationIsVisible = 0;
			defaultConfigurationName = Release;
		};
		6ED7AB2A1A9C294F006AADBB /* Build configuration list for PBXNativeTarget "MediumScrollFullScreen-SampleTests" */ = {
			isa = XCConfigurationList;
			buildConfigurations = (
				6ED7AB2B1A9C294F006AADBB /* Debug */,
				6ED7AB2C1A9C294F006AADBB /* Release */,
			);
			defaultConfigurationIsVisible = 0;
			defaultConfigurationName = Release;
		};
/* End XCConfigurationList section */
	};
	rootObject = 6ED7AB001A9C294E006AADBB /* Project object */;
}
